
Microsoft Visual Studio Solution File, Format Version 12.00
# Visual Studio 15
VisualStudioVersion = 15.0.27130.2026
MinimumVisualStudioVersion = 10.0.40219.1
Project("{FAE04EC0-301F-11D3-BF4B-00C04F79EFBC}") = "BigBeer.Framework.QR_Code", "BigBeer.Framework.QR_Code\BigBeer.Framework.QR_Code.csproj", "{931A9B5D-3375-489C-8718-E95D7EA01BEC}"
EndProject
Project("{FAE04EC0-301F-11D3-BF4B-00C04F79EFBC}") = "BigBeer.Framework.Test", "BigBeer.Framework.Test\BigBeer.Framework.Test.csproj", "{D0819506-4C0D-4A8D-A059-140343983418}"
EndProject
Project("{2150E333-8FDC-42A3-9474-1A3956D46DE8}") = "Service", "Service", "{7422A769-962A-4597-91A4-CEDAA04155A0}"
EndProject
Project("{FAE04EC0-301F-11D3-BF4B-00C04F79EFBC}") = "BigBeer.Framework.Service.Interface", "BigBeer.Framework.Service.Interface\BigBeer.Framework.Service.Interface.csproj", "{FDAE95C2-D342-4E7C-AE92-13FA45AA70D9}"
EndProject
Project("{FAE04EC0-301F-11D3-BF4B-00C04F79EFBC}") = "BigBeer.Framework.Service.Host", "BigBeer.Framework.Service.Host\BigBeer.Framework.Service.Host.csproj", "{95AD9728-DA92-425D-93B3-B3B355CC2887}"
EndProject
Project("{FAE04EC0-301F-11D3-BF4B-00C04F79EFBC}") = "BigBeer.Framework.Command.Frame", "BigBeer.Framework.Command.Frame\BigBeer.Framework.Command.Frame.csproj", "{A2F60D40-46DF-4942-8BA9-9D676145437B}"
EndProject
Project("{FAE04EC0-301F-11D3-BF4B-00C04F79EFBC}") = "BigBeer.Framework.Command.Host", "BigBeer.Framework.Command.Host\BigBeer.Framework.Command.Host.csproj", "{ED5A35C7-D460-4337-9327-08897E21D812}"
EndProject
Project("{FAE04EC0-301F-11D3-BF4B-00C04F79EFBC}") = "BigBeer.Service.Host", "BigBeer.Service.Host\BigBeer.Service.Host.csproj", "{5386FB29-4F08-4556-BB85-0010B3D48DE7}"
EndProject
Project("{2150E333-8FDC-42A3-9474-1A3956D46DE8}") = "Serviceold", "Serviceold", "{E2512CEA-8335-4B9B-9148-C7A39F55438B}"
EndProject
Project("{FAE04EC0-301F-11D3-BF4B-00C04F79EFBC}") = "BigBeer.Service.Framework", "BigBeer.Service.Framework\BigBeer.Service.Framework.csproj", "{D84B9BAC-3522-4109-948F-AE412A29801D}"
EndProject
Project("{FAE04EC0-301F-11D3-BF4B-00C04F79EFBC}") = "BigBeer.AI.Voice", "BigBeer.AI.Voice\BigBeer.AI.Voice.csproj", "{003F389A-6130-420D-85AC-DA4B0E86F427}"
EndProject
Project("{FAE04EC0-301F-11D3-BF4B-00C04F79EFBC}") = "BigBeer.Test.Service", "BigBeer.Test.Service\BigBeer.Test.Service.csproj", "{20D66115-A833-4AC7-BF70-8E863756CFE7}"
EndProject
Global
	GlobalSection(SolutionConfigurationPlatforms) = preSolution
		Debug|Any CPU = Debug|Any CPU
		Release|Any CPU = Release|Any CPU
	EndGlobalSection
	GlobalSection(ProjectConfigurationPlatforms) = postSolution
		{931A9B5D-3375-489C-8718-E95D7EA01BEC}.Debug|Any CPU.ActiveCfg = Debug|Any CPU
		{931A9B5D-3375-489C-8718-E95D7EA01BEC}.Debug|Any CPU.Build.0 = Debug|Any CPU
		{931A9B5D-3375-489C-8718-E95D7EA01BEC}.Release|Any CPU.ActiveCfg = Release|Any CPU
		{931A9B5D-3375-489C-8718-E95D7EA01BEC}.Release|Any CPU.Build.0 = Release|Any CPU
		{D0819506-4C0D-4A8D-A059-140343983418}.Debug|Any CPU.ActiveCfg = Debug|Any CPU
		{D0819506-4C0D-4A8D-A059-140343983418}.Debug|Any CPU.Build.0 = Debug|Any CPU
		{D0819506-4C0D-4A8D-A059-140343983418}.Release|Any CPU.ActiveCfg = Release|Any CPU
		{D0819506-4C0D-4A8D-A059-140343983418}.Release|Any CPU.Build.0 = Release|Any CPU
		{FDAE95C2-D342-4E7C-AE92-13FA45AA70D9}.Debug|Any CPU.ActiveCfg = Debug|Any CPU
		{FDAE95C2-D342-4E7C-AE92-13FA45AA70D9}.Debug|Any CPU.Build.0 = Debug|Any CPU
		{FDAE95C2-D342-4E7C-AE92-13FA45AA70D9}.Release|Any CPU.ActiveCfg = Release|Any CPU
		{FDAE95C2-D342-4E7C-AE92-13FA45AA70D9}.Release|Any CPU.Build.0 = Release|Any CPU
		{95AD9728-DA92-425D-93B3-B3B355CC2887}.Debug|Any CPU.ActiveCfg = Debug|Any CPU
		{95AD9728-DA92-425D-93B3-B3B355CC2887}.Debug|Any CPU.Build.0 = Debug|Any CPU
		{95AD9728-DA92-425D-93B3-B3B355CC2887}.Release|Any CPU.ActiveCfg = Release|Any CPU
		{95AD9728-DA92-425D-93B3-B3B355CC2887}.Release|Any CPU.Build.0 = Release|Any CPU
		{A2F60D40-46DF-4942-8BA9-9D676145437B}.Debug|Any CPU.ActiveCfg = Debug|Any CPU
		{A2F60D40-46DF-4942-8BA9-9D676145437B}.Debug|Any CPU.Build.0 = Debug|Any CPU
		{A2F60D40-46DF-4942-8BA9-9D676145437B}.Release|Any CPU.ActiveCfg = Release|Any CPU
		{A2F60D40-46DF-4942-8BA9-9D676145437B}.Release|Any CPU.Build.0 = Release|Any CPU
		{ED5A35C7-D460-4337-9327-08897E21D812}.Debug|Any CPU.ActiveCfg = Debug|Any CPU
		{ED5A35C7-D460-4337-9327-08897E21D812}.Debug|Any CPU.Build.0 = Debug|Any CPU
		{ED5A35C7-D460-4337-9327-08897E21D812}.Release|Any CPU.ActiveCfg = Release|Any CPU
		{ED5A35C7-D460-4337-9327-08897E21D812}.Release|Any CPU.Build.0 = Release|Any CPU
		{5386FB29-4F08-4556-BB85-0010B3D48DE7}.Debug|Any CPU.ActiveCfg = Debug|Any CPU
		{5386FB29-4F08-4556-BB85-0010B3D48DE7}.Debug|Any CPU.Build.0 = Debug|Any CPU
		{5386FB29-4F08-4556-BB85-0010B3D48DE7}.Release|Any CPU.ActiveCfg = Release|Any CPU
		{5386FB29-4F08-4556-BB85-0010B3D48DE7}.Release|Any CPU.Build.0 = Release|Any CPU
		{D84B9BAC-3522-4109-948F-AE412A29801D}.Debug|Any CPU.ActiveCfg = Debug|Any CPU
		{D84B9BAC-3522-4109-948F-AE412A29801D}.Debug|Any CPU.Build.0 = Debug|Any CPU
		{D84B9BAC-3522-4109-948F-AE412A29801D}.Release|Any CPU.ActiveCfg = Release|Any CPU
		{D84B9BAC-3522-4109-948F-AE412A29801D}.Release|Any CPU.Build.0 = Release|Any CPU
		{003F389A-6130-420D-85AC-DA4B0E86F427}.Debug|Any CPU.ActiveCfg = Debug|Any CPU
		{003F389A-6130-420D-85AC-DA4B0E86F427}.Debug|Any CPU.Build.0 = Debug|Any CPU
		{003F389A-6130-420D-85AC-DA4B0E86F427}.Release|Any CPU.ActiveCfg = Release|Any CPU
		{003F389A-6130-420D-85AC-DA4B0E86F427}.Release|Any CPU.Build.0 = Release|Any CPU
		{20D66115-A833-4AC7-BF70-8E863756CFE7}.Debug|Any CPU.ActiveCfg = Debug|Any CPU
		{20D66115-A833-4AC7-BF70-8E863756CFE7}.Debug|Any CPU.Build.0 = Debug|Any CPU
		{20D66115-A833-4AC7-BF70-8E863756CFE7}.Release|Any CPU.ActiveCfg = Release|Any CPU
		{20D66115-A833-4AC7-BF70-8E863756CFE7}.Release|Any CPU.Build.0 = Release|Any CPU
	EndGlobalSection
	GlobalSection(SolutionProperties) = preSolution
		HideSolutionNode = FALSE
	EndGlobalSection
	GlobalSection(NestedProjects) = preSolution
		{FDAE95C2-D342-4E7C-AE92-13FA45AA70D9} = {7422A769-962A-4597-91A4-CEDAA04155A0}
		{95AD9728-DA92-425D-93B3-B3B355CC2887} = {7422A769-962A-4597-91A4-CEDAA04155A0}
		{A2F60D40-46DF-4942-8BA9-9D676145437B} = {7422A769-962A-4597-91A4-CEDAA04155A0}
		{ED5A35C7-D460-4337-9327-08897E21D812} = {7422A769-962A-4597-91A4-CEDAA04155A0}
		{5386FB29-4F08-4556-BB85-0010B3D48DE7} = {E2512CEA-8335-4B9B-9148-C7A39F55438B}
		{D84B9BAC-3522-4109-948F-AE412A29801D} = {E2512CEA-8335-4B9B-9148-C7A39F55438B}
	EndGlobalSection
	GlobalSection(ExtensibilityGlobals) = postSolution
		SolutionGuid = {C910FBD5-6B5A-42C7-ACD9-E2DC33FC39A6}
	EndGlobalSection
EndGlobal
